
Microsoft Visual Studio Solution File, Format Version 12.00
# Visual Studio Version 17
VisualStudioVersion = 17.5.33530.505
MinimumVisualStudioVersion = 10.0.40219.1
Project("{9A19103F-16F7-4668-BE54-9A1E7A4F7556}") = "PlantsAPI", "PlantsAPI\PlantsAPI.csproj", "{9E18B149-69F2-4965-88A5-F88DCF8D9715}"
EndProject
Project("{2150E333-8FDC-42A3-9474-1A3956D46DE8}") = "Services", "Services", "{F6FAB8F4-B790-45E8-9D63-510B88098B33}"
EndProject
Project("{2150E333-8FDC-42A3-9474-1A3956D46DE8}") = "Frontend", "Frontend", "{2BE2A6E3-7BBD-4D1F-B9A9-8841A721154A}"
EndProject
Global
	GlobalSection(SolutionConfigurationPlatforms) = preSolution
		Debug|Any CPU = Debug|Any CPU
		Release|Any CPU = Release|Any CPU
	EndGlobalSection
	GlobalSection(ProjectConfigurationPlatforms) = postSolution
		{9E18B149-69F2-4965-88A5-F88DCF8D9715}.Debug|Any CPU.ActiveCfg = Debug|Any CPU
		{9E18B149-69F2-4965-88A5-F88DCF8D9715}.Debug|Any CPU.Build.0 = Debug|Any CPU
		{9E18B149-69F2-4965-88A5-F88DCF8D9715}.Release|Any CPU.ActiveCfg = Release|Any CPU
		{9E18B149-69F2-4965-88A5-F88DCF8D9715}.Release|Any CPU.Build.0 = Release|Any CPU
	EndGlobalSection
	GlobalSection(SolutionProperties) = preSolution
		HideSolutionNode = FALSE
	EndGlobalSection
	GlobalSection(NestedProjects) = preSolution
		{9E18B149-69F2-4965-88A5-F88DCF8D9715} = {F6FAB8F4-B790-45E8-9D63-510B88098B33}
	EndGlobalSection
	GlobalSection(ExtensibilityGlobals) = postSolution
		SolutionGuid = {17F76CC7-81C8-4B01-866E-DBA6F21586DB}
	EndGlobalSection
EndGlobal
